
Microsoft Visual Studio Solution File, Format Version 12.00
# Visual Studio Version 17
VisualStudioVersion = 17.9.34723.18
MinimumVisualStudioVersion = 10.0.40219.1
Project("{9A19103F-16F7-4668-BE54-9A1E7A4F7556}") = "OneToNExemple", "OneToNExemple\OneToNExemple.csproj", "{D60FC538-4805-4955-9CF2-43B5B44AFC44}"
	ProjectSection(ProjectDependencies) = postProject
		{FD4A98BC-B808-4010-B499-697683893389} = {FD4A98BC-B808-4010-B499-697683893389}
	EndProjectSection
EndProject
Project("{8BC9CEB8-8B4A-11D0-8D11-00A0C91BC942}") = "GeneratedProject", "GeneratedProject\GeneratedProject.vcxproj", "{4695E82A-8298-4166-BA60-2DB60D926434}"
	ProjectSection(ProjectDependencies) = postProject
		{D60FC538-4805-4955-9CF2-43B5B44AFC44} = {D60FC538-4805-4955-9CF2-43B5B44AFC44}
	EndProjectSection
EndProject
Project("{9A19103F-16F7-4668-BE54-9A1E7A4F7556}") = "TemplateData", "TemplateData\TemplateData.csproj", "{FD4A98BC-B808-4010-B499-697683893389}"
EndProject
Project("{9A19103F-16F7-4668-BE54-9A1E7A4F7556}") = "OneToOneExemple", "OneToOneExemple\OneToOneExemple.csproj", "{EA65ECFB-139F-4A2F-AFD4-335890E5D3BF}"
EndProject
Global
	GlobalSection(SolutionConfigurationPlatforms) = preSolution
		Debug|Any CPU = Debug|Any CPU
		Debug|x64 = Debug|x64
		Debug|x86 = Debug|x86
		Release|Any CPU = Release|Any CPU
		Release|x64 = Release|x64
		Release|x86 = Release|x86
	EndGlobalSection
	GlobalSection(ProjectConfigurationPlatforms) = postSolution
		{D60FC538-4805-4955-9CF2-43B5B44AFC44}.Debug|Any CPU.ActiveCfg = Debug|Any CPU
		{D60FC538-4805-4955-9CF2-43B5B44AFC44}.Debug|Any CPU.Build.0 = Debug|Any CPU
		{D60FC538-4805-4955-9CF2-43B5B44AFC44}.Debug|x64.ActiveCfg = Debug|Any CPU
		{D60FC538-4805-4955-9CF2-43B5B44AFC44}.Debug|x64.Build.0 = Debug|Any CPU
		{D60FC538-4805-4955-9CF2-43B5B44AFC44}.Debug|x86.ActiveCfg = Debug|Any CPU
		{D60FC538-4805-4955-9CF2-43B5B44AFC44}.Debug|x86.Build.0 = Debug|Any CPU
		{D60FC538-4805-4955-9CF2-43B5B44AFC44}.Release|Any CPU.ActiveCfg = Release|Any CPU
		{D60FC538-4805-4955-9CF2-43B5B44AFC44}.Release|Any CPU.Build.0 = Release|Any CPU
		{D60FC538-4805-4955-9CF2-43B5B44AFC44}.Release|x64.ActiveCfg = Release|Any CPU
		{D60FC538-4805-4955-9CF2-43B5B44AFC44}.Release|x64.Build.0 = Release|Any CPU
		{D60FC538-4805-4955-9CF2-43B5B44AFC44}.Release|x86.ActiveCfg = Release|Any CPU
		{D60FC538-4805-4955-9CF2-43B5B44AFC44}.Release|x86.Build.0 = Release|Any CPU
		{4695E82A-8298-4166-BA60-2DB60D926434}.Debug|Any CPU.ActiveCfg = Debug|x64
		{4695E82A-8298-4166-BA60-2DB60D926434}.Debug|Any CPU.Build.0 = Debug|x64
		{4695E82A-8298-4166-BA60-2DB60D926434}.Debug|x64.ActiveCfg = Debug|x64
		{4695E82A-8298-4166-BA60-2DB60D926434}.Debug|x64.Build.0 = Debug|x64
		{4695E82A-8298-4166-BA60-2DB60D926434}.Debug|x86.ActiveCfg = Debug|Win32
		{4695E82A-8298-4166-BA60-2DB60D926434}.Debug|x86.Build.0 = Debug|Win32
		{4695E82A-8298-4166-BA60-2DB60D926434}.Release|Any CPU.ActiveCfg = Release|x64
		{4695E82A-8298-4166-BA60-2DB60D926434}.Release|Any CPU.Build.0 = Release|x64
		{4695E82A-8298-4166-BA60-2DB60D926434}.Release|x64.ActiveCfg = Release|x64
		{4695E82A-8298-4166-BA60-2DB60D926434}.Release|x64.Build.0 = Release|x64
		{4695E82A-8298-4166-BA60-2DB60D926434}.Release|x86.ActiveCfg = Release|Win32
		{4695E82A-8298-4166-BA60-2DB60D926434}.Release|x86.Build.0 = Release|Win32
		{FD4A98BC-B808-4010-B499-697683893389}.Debug|Any CPU.ActiveCfg = Debug|Any CPU
		{FD4A98BC-B808-4010-B499-697683893389}.Debug|Any CPU.Build.0 = Debug|Any CPU
		{FD4A98BC-B808-4010-B499-697683893389}.Debug|x64.ActiveCfg = Debug|Any CPU
		{FD4A98BC-B808-4010-B499-697683893389}.Debug|x64.Build.0 = Debug|Any CPU
		{FD4A98BC-B808-4010-B499-697683893389}.Debug|x86.ActiveCfg = Debug|Any CPU
		{FD4A98BC-B808-4010-B499-697683893389}.Debug|x86.Build.0 = Debug|Any CPU
		{FD4A98BC-B808-4010-B499-697683893389}.Release|Any CPU.ActiveCfg = Release|Any CPU
		{FD4A98BC-B808-4010-B499-697683893389}.Release|Any CPU.Build.0 = Release|Any CPU
		{FD4A98BC-B808-4010-B499-697683893389}.Release|x64.ActiveCfg = Release|Any CPU
		{FD4A98BC-B808-4010-B499-697683893389}.Release|x64.Build.0 = Release|Any CPU
		{FD4A98BC-B808-4010-B499-697683893389}.Release|x86.ActiveCfg = Release|Any CPU
		{FD4A98BC-B808-4010-B499-697683893389}.Release|x86.Build.0 = Release|Any CPU
		{EA65ECFB-139F-4A2F-AFD4-335890E5D3BF}.Debug|Any CPU.ActiveCfg = Debug|Any CPU
		{EA65ECFB-139F-4A2F-AFD4-335890E5D3BF}.Debug|Any CPU.Build.0 = Debug|Any CPU
		{EA65ECFB-139F-4A2F-AFD4-335890E5D3BF}.Debug|x64.ActiveCfg = Debug|Any CPU
		{EA65ECFB-139F-4A2F-AFD4-335890E5D3BF}.Debug|x64.Build.0 = Debug|Any CPU
		{EA65ECFB-139F-4A2F-AFD4-335890E5D3BF}.Debug|x86.ActiveCfg = Debug|Any CPU
		{EA65ECFB-139F-4A2F-AFD4-335890E5D3BF}.Debug|x86.Build.0 = Debug|Any CPU
		{EA65ECFB-139F-4A2F-AFD4-335890E5D3BF}.Release|Any CPU.ActiveCfg = Release|Any CPU
		{EA65ECFB-139F-4A2F-AFD4-335890E5D3BF}.Release|Any CPU.Build.0 = Release|Any CPU
		{EA65ECFB-139F-4A2F-AFD4-335890E5D3BF}.Release|x64.ActiveCfg = Release|Any CPU
		{EA65ECFB-139F-4A2F-AFD4-335890E5D3BF}.Release|x64.Build.0 = Release|Any CPU
		{EA65ECFB-139F-4A2F-AFD4-335890E5D3BF}.Release|x86.ActiveCfg = Release|Any CPU
		{EA65ECFB-139F-4A2F-AFD4-335890E5D3BF}.Release|x86.Build.0 = Release|Any CPU
	EndGlobalSection
	GlobalSection(SolutionProperties) = preSolution
		HideSolutionNode = FALSE
	EndGlobalSection
	GlobalSection(ExtensibilityGlobals) = postSolution
		SolutionGuid = {FB279761-AC36-4289-9D6E-596F4690E44A}
	EndGlobalSection
EndGlobal
